
Microsoft Visual Studio Solution File, Format Version 12.00
# Visual Studio Version 17
VisualStudioVersion = 17.3.32929.385
MinimumVisualStudioVersion = 10.0.40219.1
Project("{FAE04EC0-301F-11D3-BF4B-00C04F79EFBC}") = "Nidedan.Api", "Nidedan.Api.csproj", "{7F6AD7E5-88AE-4D00-BBD4-47E9379B06FD}"
EndProject
Global
	GlobalSection(SolutionConfigurationPlatforms) = preSolution
		Debug|Any CPU = Debug|Any CPU
		Release|Any CPU = Release|Any CPU
	EndGlobalSection
	GlobalSection(ProjectConfigurationPlatforms) = postSolution
		{7F6AD7E5-88AE-4D00-BBD4-47E9379B06FD}.Debug|Any CPU.ActiveCfg = Debug|Any CPU
		{7F6AD7E5-88AE-4D00-BBD4-47E9379B06FD}.Debug|Any CPU.Build.0 = Debug|Any CPU
		{7F6AD7E5-88AE-4D00-BBD4-47E9379B06FD}.Release|Any CPU.ActiveCfg = Release|Any CPU
		{7F6AD7E5-88AE-4D00-BBD4-47E9379B06FD}.Release|Any CPU.Build.0 = Release|Any CPU
	EndGlobalSection
	GlobalSection(SolutionProperties) = preSolution
		HideSolutionNode = FALSE
	EndGlobalSection
	GlobalSection(ExtensibilityGlobals) = postSolution
		SolutionGuid = {5EEA908D-9B94-47FF-AD95-9E7A80A65B42}
	EndGlobalSection
EndGlobal
